
Microsoft Visual Studio Solution File, Format Version 12.00
# Visual Studio Version 17
VisualStudioVersion = 17.9.34728.123
MinimumVisualStudioVersion = 10.0.40219.1
Project("{FAE04EC0-301F-11D3-BF4B-00C04F79EFBC}") = "WebAPIWithJWT", "WebAPIWithJWT\WebAPIWithJWT.csproj", "{072969C8-7E12-484B-A2B5-3B78789A6B42}"
EndProject
Global
	GlobalSection(SolutionConfigurationPlatforms) = preSolution
		Debug|Any CPU = Debug|Any CPU
		Release|Any CPU = Release|Any CPU
	EndGlobalSection
	GlobalSection(ProjectConfigurationPlatforms) = postSolution
		{072969C8-7E12-484B-A2B5-3B78789A6B42}.Debug|Any CPU.ActiveCfg = Debug|Any CPU
		{072969C8-7E12-484B-A2B5-3B78789A6B42}.Debug|Any CPU.Build.0 = Debug|Any CPU
		{072969C8-7E12-484B-A2B5-3B78789A6B42}.Release|Any CPU.ActiveCfg = Release|Any CPU
		{072969C8-7E12-484B-A2B5-3B78789A6B42}.Release|Any CPU.Build.0 = Release|Any CPU
	EndGlobalSection
	GlobalSection(SolutionProperties) = preSolution
		HideSolutionNode = FALSE
	EndGlobalSection
	GlobalSection(ExtensibilityGlobals) = postSolution
		SolutionGuid = {20CA3325-AF9E-4DE7-BBB7-0B6144B094A1}
	EndGlobalSection
EndGlobal
