
Microsoft Visual Studio Solution File, Format Version 12.00
# Visual Studio Version 17
VisualStudioVersion = 17.11.35208.52
MinimumVisualStudioVersion = 10.0.40219.1
Project("{FAE04EC0-301F-11D3-BF4B-00C04F79EFBC}") = "CustomMiddleware", "CustomMiddleware\CustomMiddleware.csproj", "{A513F867-0591-4896-AD4C-6C775365A5D0}"
EndProject
Global
	GlobalSection(SolutionConfigurationPlatforms) = preSolution
		Debug|Any CPU = Debug|Any CPU
		Release|Any CPU = Release|Any CPU
	EndGlobalSection
	GlobalSection(ProjectConfigurationPlatforms) = postSolution
		{A513F867-0591-4896-AD4C-6C775365A5D0}.Debug|Any CPU.ActiveCfg = Debug|Any CPU
		{A513F867-0591-4896-AD4C-6C775365A5D0}.Debug|Any CPU.Build.0 = Debug|Any CPU
		{A513F867-0591-4896-AD4C-6C775365A5D0}.Release|Any CPU.ActiveCfg = Release|Any CPU
		{A513F867-0591-4896-AD4C-6C775365A5D0}.Release|Any CPU.Build.0 = Release|Any CPU
	EndGlobalSection
	GlobalSection(SolutionProperties) = preSolution
		HideSolutionNode = FALSE
	EndGlobalSection
	GlobalSection(ExtensibilityGlobals) = postSolution
		SolutionGuid = {A3D02EDC-06B8-4A14-86F8-D93078E9A4F0}
	EndGlobalSection
EndGlobal
