
Microsoft Visual Studio Solution File, Format Version 12.00
# Visual Studio Version 17
VisualStudioVersion = 17.6.33829.357
MinimumVisualStudioVersion = 10.0.40219.1
Project("{FAE04EC0-301F-11D3-BF4B-00C04F79EFBC}") = "CodeFirstApproch_EntityFrame", "CodeFirstApproch_EntityFrame\CodeFirstApproch_EntityFrame.csproj", "{5E4917B3-C5CC-4531-853C-38640AD7869B}"
EndProject
Global
	GlobalSection(SolutionConfigurationPlatforms) = preSolution
		Debug|Any CPU = Debug|Any CPU
		Release|Any CPU = Release|Any CPU
	EndGlobalSection
	GlobalSection(ProjectConfigurationPlatforms) = postSolution
		{5E4917B3-C5CC-4531-853C-38640AD7869B}.Debug|Any CPU.ActiveCfg = Debug|Any CPU
		{5E4917B3-C5CC-4531-853C-38640AD7869B}.Debug|Any CPU.Build.0 = Debug|Any CPU
		{5E4917B3-C5CC-4531-853C-38640AD7869B}.Release|Any CPU.ActiveCfg = Release|Any CPU
		{5E4917B3-C5CC-4531-853C-38640AD7869B}.Release|Any CPU.Build.0 = Release|Any CPU
	EndGlobalSection
	GlobalSection(SolutionProperties) = preSolution
		HideSolutionNode = FALSE
	EndGlobalSection
	GlobalSection(ExtensibilityGlobals) = postSolution
		SolutionGuid = {7BFF3A94-343D-44AF-938D-2A0C44078526}
	EndGlobalSection
EndGlobal
