
Microsoft Visual Studio Solution File, Format Version 12.00
# Visual Studio Version 17
VisualStudioVersion = 17.11.35208.52
MinimumVisualStudioVersion = 10.0.40219.1
Project("{FAE04EC0-301F-11D3-BF4B-00C04F79EFBC}") = "Angular_Application", "Angular_Application\Angular_Application.csproj", "{8C3731F0-DDB7-47D2-A72F-5CA35E4AC7AD}"
EndProject
Global
	GlobalSection(SolutionConfigurationPlatforms) = preSolution
		Debug|Any CPU = Debug|Any CPU
		Release|Any CPU = Release|Any CPU
	EndGlobalSection
	GlobalSection(ProjectConfigurationPlatforms) = postSolution
		{8C3731F0-DDB7-47D2-A72F-5CA35E4AC7AD}.Debug|Any CPU.ActiveCfg = Debug|Any CPU
		{8C3731F0-DDB7-47D2-A72F-5CA35E4AC7AD}.Debug|Any CPU.Build.0 = Debug|Any CPU
		{8C3731F0-DDB7-47D2-A72F-5CA35E4AC7AD}.Release|Any CPU.ActiveCfg = Release|Any CPU
		{8C3731F0-DDB7-47D2-A72F-5CA35E4AC7AD}.Release|Any CPU.Build.0 = Release|Any CPU
	EndGlobalSection
	GlobalSection(SolutionProperties) = preSolution
		HideSolutionNode = FALSE
	EndGlobalSection
	GlobalSection(ExtensibilityGlobals) = postSolution
		SolutionGuid = {C6997755-F6BE-4E36-8E0E-60E57F96138F}
	EndGlobalSection
EndGlobal
