
Microsoft Visual Studio Solution File, Format Version 12.00
# Visual Studio Version 17
VisualStudioVersion = 17.9.34728.123
MinimumVisualStudioVersion = 10.0.40219.1
Project("{FAE04EC0-301F-11D3-BF4B-00C04F79EFBC}") = "testing", "testing\testing.csproj", "{DBA8E12E-D0B0-4954-A293-36A4F2586318}"
EndProject
Global
	GlobalSection(SolutionConfigurationPlatforms) = preSolution
		Debug|Any CPU = Debug|Any CPU
		Release|Any CPU = Release|Any CPU
	EndGlobalSection
	GlobalSection(ProjectConfigurationPlatforms) = postSolution
		{DBA8E12E-D0B0-4954-A293-36A4F2586318}.Debug|Any CPU.ActiveCfg = Debug|Any CPU
		{DBA8E12E-D0B0-4954-A293-36A4F2586318}.Debug|Any CPU.Build.0 = Debug|Any CPU
		{DBA8E12E-D0B0-4954-A293-36A4F2586318}.Release|Any CPU.ActiveCfg = Release|Any CPU
		{DBA8E12E-D0B0-4954-A293-36A4F2586318}.Release|Any CPU.Build.0 = Release|Any CPU
	EndGlobalSection
	GlobalSection(SolutionProperties) = preSolution
		HideSolutionNode = FALSE
	EndGlobalSection
	GlobalSection(ExtensibilityGlobals) = postSolution
		SolutionGuid = {6F7CDDB7-0159-42AF-851A-42B5A1BAAAE0}
	EndGlobalSection
EndGlobal
