
Microsoft Visual Studio Solution File, Format Version 12.00
# Visual Studio Version 17
VisualStudioVersion = 17.9.34728.123
MinimumVisualStudioVersion = 10.0.40219.1
Project("{FAE04EC0-301F-11D3-BF4B-00C04F79EFBC}") = "CustomMiddlewareExampleFinal", "CustomMiddlewareExampleFinal\CustomMiddlewareExampleFinal.csproj", "{559F6E09-77D4-4305-A1DE-45F41A93B209}"
EndProject
Global
	GlobalSection(SolutionConfigurationPlatforms) = preSolution
		Debug|Any CPU = Debug|Any CPU
		Release|Any CPU = Release|Any CPU
	EndGlobalSection
	GlobalSection(ProjectConfigurationPlatforms) = postSolution
		{559F6E09-77D4-4305-A1DE-45F41A93B209}.Debug|Any CPU.ActiveCfg = Debug|Any CPU
		{559F6E09-77D4-4305-A1DE-45F41A93B209}.Debug|Any CPU.Build.0 = Debug|Any CPU
		{559F6E09-77D4-4305-A1DE-45F41A93B209}.Release|Any CPU.ActiveCfg = Release|Any CPU
		{559F6E09-77D4-4305-A1DE-45F41A93B209}.Release|Any CPU.Build.0 = Release|Any CPU
	EndGlobalSection
	GlobalSection(SolutionProperties) = preSolution
		HideSolutionNode = FALSE
	EndGlobalSection
	GlobalSection(ExtensibilityGlobals) = postSolution
		SolutionGuid = {9E72AC6D-DB8F-466B-9010-8CE9BE6BA102}
	EndGlobalSection
EndGlobal
