
Microsoft Visual Studio Solution File, Format Version 12.00
# Visual Studio Version 17
VisualStudioVersion = 17.9.34728.123
MinimumVisualStudioVersion = 10.0.40219.1
Project("{FAE04EC0-301F-11D3-BF4B-00C04F79EFBC}") = "StudentApplication", "StudentApplication\StudentApplication.csproj", "{E49570E5-13CB-4C5B-86FA-187D46477C32}"
EndProject
Global
	GlobalSection(SolutionConfigurationPlatforms) = preSolution
		Debug|Any CPU = Debug|Any CPU
		Release|Any CPU = Release|Any CPU
	EndGlobalSection
	GlobalSection(ProjectConfigurationPlatforms) = postSolution
		{E49570E5-13CB-4C5B-86FA-187D46477C32}.Debug|Any CPU.ActiveCfg = Debug|Any CPU
		{E49570E5-13CB-4C5B-86FA-187D46477C32}.Debug|Any CPU.Build.0 = Debug|Any CPU
		{E49570E5-13CB-4C5B-86FA-187D46477C32}.Release|Any CPU.ActiveCfg = Release|Any CPU
		{E49570E5-13CB-4C5B-86FA-187D46477C32}.Release|Any CPU.Build.0 = Release|Any CPU
	EndGlobalSection
	GlobalSection(SolutionProperties) = preSolution
		HideSolutionNode = FALSE
	EndGlobalSection
	GlobalSection(ExtensibilityGlobals) = postSolution
		SolutionGuid = {412EC06D-F008-4A8B-AB95-4F9E618394B3}
	EndGlobalSection
EndGlobal
