
Microsoft Visual Studio Solution File, Format Version 12.00
# Visual Studio Version 17
VisualStudioVersion = 17.6.33829.357
MinimumVisualStudioVersion = 10.0.40219.1
Project("{FAE04EC0-301F-11D3-BF4B-00C04F79EFBC}") = "PartialView", "PartialView\PartialView.csproj", "{D8616427-D033-4994-A96F-D5C76D1A9EDA}"
EndProject
Global
	GlobalSection(SolutionConfigurationPlatforms) = preSolution
		Debug|Any CPU = Debug|Any CPU
		Release|Any CPU = Release|Any CPU
	EndGlobalSection
	GlobalSection(ProjectConfigurationPlatforms) = postSolution
		{D8616427-D033-4994-A96F-D5C76D1A9EDA}.Debug|Any CPU.ActiveCfg = Debug|Any CPU
		{D8616427-D033-4994-A96F-D5C76D1A9EDA}.Debug|Any CPU.Build.0 = Debug|Any CPU
		{D8616427-D033-4994-A96F-D5C76D1A9EDA}.Release|Any CPU.ActiveCfg = Release|Any CPU
		{D8616427-D033-4994-A96F-D5C76D1A9EDA}.Release|Any CPU.Build.0 = Release|Any CPU
	EndGlobalSection
	GlobalSection(SolutionProperties) = preSolution
		HideSolutionNode = FALSE
	EndGlobalSection
	GlobalSection(ExtensibilityGlobals) = postSolution
		SolutionGuid = {B9A645A5-0F35-456D-B727-4B14E07811E9}
	EndGlobalSection
EndGlobal
