
Microsoft Visual Studio Solution File, Format Version 12.00
# Visual Studio Version 17
VisualStudioVersion = 17.11.35208.52
MinimumVisualStudioVersion = 10.0.40219.1
Project("{FAE04EC0-301F-11D3-BF4B-00C04F79EFBC}") = "DependencyExecerise1", "DependencyExecerise1\DependencyExecerise1.csproj", "{60425F6C-EE44-4B96-8A37-DAF88FA3E754}"
EndProject
Global
	GlobalSection(SolutionConfigurationPlatforms) = preSolution
		Debug|Any CPU = Debug|Any CPU
		Release|Any CPU = Release|Any CPU
	EndGlobalSection
	GlobalSection(ProjectConfigurationPlatforms) = postSolution
		{60425F6C-EE44-4B96-8A37-DAF88FA3E754}.Debug|Any CPU.ActiveCfg = Debug|Any CPU
		{60425F6C-EE44-4B96-8A37-DAF88FA3E754}.Debug|Any CPU.Build.0 = Debug|Any CPU
		{60425F6C-EE44-4B96-8A37-DAF88FA3E754}.Release|Any CPU.ActiveCfg = Release|Any CPU
		{60425F6C-EE44-4B96-8A37-DAF88FA3E754}.Release|Any CPU.Build.0 = Release|Any CPU
	EndGlobalSection
	GlobalSection(SolutionProperties) = preSolution
		HideSolutionNode = FALSE
	EndGlobalSection
	GlobalSection(ExtensibilityGlobals) = postSolution
		SolutionGuid = {79503C14-A7D2-468E-97C4-7B3CBD5ECA6B}
	EndGlobalSection
EndGlobal
